PODS:
  - AFNetworking (3.1.0):
    - AFNetworking/NSURLSession (= 3.1.0)
    - AFNetworking/Reachability (= 3.1.0)
    - AFNetworking/Security (= 3.1.0)
    - AFNetworking/Serialization (= 3.1.0)
    - AFNetworking/UIKit (= 3.1.0)
  - AFNetworking/NSURLSession (3.1.0):
    - AFNetworking/Reachability
    - AFNetworking/Security
    - AFNetworking/Serialization
  - AFNetworking/Reachability (3.1.0)
  - AFNetworking/Security (3.1.0)
  - AFNetworking/Serialization (3.1.0)
  - AFNetworking/UIKit (3.1.0):
    - AFNetworking/NSURLSession
  - AppUpdate (1.0.9)
  - BMKLocationKit (1.2.0)
  - GTMBase64 (1.0.1)
  - HJ_UIKit/HJCarousel (2.1.3):
    - SDWebImage
  - HJ_UIKit/HJGuidePage (2.1.3):
    - SDWebImage
  - HJCategories (1.0.7):
    - HJCategories/CoreFoundation (= 1.0.7)
    - HJCategories/Foundation (= 1.0.7)
    - HJCategories/UIKit (= 1.0.7)
  - HJCategories/CoreFoundation (1.0.7)
  - HJCategories/Foundation (1.0.7)
  - HJCategories/UIKit (1.0.7)
  - HJJavascriptBridge (0.3.2):
    - HJJavascriptBridge/HJBridge (= 0.3.2)
    - HJJavascriptBridge/HJWebView (= 0.3.2)
  - HJJavascriptBridge/HJBridge (0.3.2):
    - WebViewJavascriptBridge
  - HJJavascriptBridge/HJWebView (0.3.2)
  - IQKeyboardManager (5.0.6)
  - LNNetwork (1.0.4):
    - AFNetworking (~> 3.1.0)
    - YYModel (~> 1.0.4)
  - Masonry (1.1.0)
  - objective-zip (1.0.5)
  - RCMobClick (2.0.9)
  - SDWebImage (4.4.1):
    - SDWebImage/Core (= 4.4.1)
  - SDWebImage/Core (4.4.1)
  - UMengAnalytics-NO-IDFA (4.2.5)
  - WebViewJavascriptBridge (6.0.3)
  - YYModel (1.0.4)
  - YYText (1.0.4)

DEPENDENCIES:
  - AFNetworking (~> 3.1.0)
  - AppUpdate
  - BMKLocationKit
  - GTMBase64 (~> 1.0.1)
  - HJ_UIKit/HJCarousel
  - HJ_UIKit/HJGuidePage
  - HJCategories
  - HJJavascriptBridge (~> 0.3.2)
  - IQKeyboardManager (= 5.0.6)
  - LNNetwork
  - Masonry (= 1.1.0)
  - objective-zip
  - RCMobClick (~> 2.0.3)
  - SDWebImage
  - UMengAnalytics-NO-IDFA
  - YYModel
  - YYText (= 1.0.4)

SPEC REPOS:
  "git@172.16.0.245:Finance_SDK/iOS_Loan_Spec.git":
    - HJ_UIKit
    - HJCategories
    - HJJavascriptBridge
    - LNNetwork
  http://172.16.0.245:2345/Apple_SDK/iOS_Specs.git:
    - AppUpdate
    - RCMobClick
  https://github.com/CocoaPods/Specs.git:
    - AFNetworking
    - BMKLocationKit
    - GTMBase64
    - IQKeyboardManager
    - Masonry
    - objective-zip
    - SDWebImage
    - UMengAnalytics-NO-IDFA
    - WebViewJavascriptBridge
    - YYModel
    - YYText

SPEC CHECKSUMS:
  AFNetworking: 5e0e199f73d8626b11e79750991f5d173d1f8b67
  AppUpdate: 1dca17a2783a99f32d7e184739e8fb16193600e7
  BMKLocationKit: 043a9eaf3767916a692708804324adcfe86e281d
  GTMBase64: f0f91be06a7a20b84c8e4fee30c0430395091d82
  HJ_UIKit: 1d887bc420ddb1b89fed4f175ac078af0053ea07
  HJCategories: bf9f92ef8ffa78ddf1e3e59a16f50a74a8cec822
  HJJavascriptBridge: 4386eda84b91f27aeb4a829d4d486bd825878b63
  IQKeyboardManager: 077b7f691dfa9d69db9cff66f2bed68ebfc02d9b
  LNNetwork: ad1e6c0cba42f957670183e615563be1c0f613fb
  Masonry: 678fab65091a9290e40e2832a55e7ab731aad201
  objective-zip: 41b1408cebffceb6b9d15ad691506707e390d359
  RCMobClick: 05cdb2fc6ebf656ee690eddece9dce3ec75f3c02
  SDWebImage: 47e9b5b925cbce75946c23f0c42dd19464189af4
  UMengAnalytics-NO-IDFA: 16666e32edce5be44ae5b14aaaa7f3582e09d6ab
  WebViewJavascriptBridge: 7f5bc4d3581e672e8f32bd0f812d54bc69bb8e29
  YYModel: 2a7fdd96aaa4b86a824e26d0c517de8928c04b30
  YYText: 41761822986179828a27ccf82aa97c7b5483c2e2

PODFILE CHECKSUM: b99527e023af4850f04c6ca488f853cd350547d6

COCOAPODS: 1.5.0
